
Microsoft Visual Studio Solution File, Format Version 12.00
# Visual Studio 2013
VisualStudioVersion = 12.0.21005.1
MinimumVisualStudioVersion = 10.0.40219.1
Project("{FAE04EC0-301F-11D3-BF4B-00C04F79EFBC}") = "第二周文件操作作业", "第二周文件操作作业\第二周文件操作作业.csproj", "{DBFBABC1-B7CF-4925-9E37-E85732959AC4}"
EndProject
Global
	GlobalSection(SolutionConfigurationPlatforms) = preSolution
		Debug|Any CPU = Debug|Any CPU
		Release|Any CPU = Release|Any CPU
	EndGlobalSection
	GlobalSection(ProjectConfigurationPlatforms) = postSolution
		{DBFBABC1-B7CF-4925-9E37-E85732959AC4}.Debug|Any CPU.ActiveCfg = Debug|Any CPU
		{DBFBABC1-B7CF-4925-9E37-E85732959AC4}.Debug|Any CPU.Build.0 = Debug|Any CPU
		{DBFBABC1-B7CF-4925-9E37-E85732959AC4}.Release|Any CPU.ActiveCfg = Release|Any CPU
		{DBFBABC1-B7CF-4925-9E37-E85732959AC4}.Release|Any CPU.Build.0 = Release|Any CPU
	EndGlobalSection
	GlobalSection(SolutionProperties) = preSolution
		HideSolutionNode = FALSE
	EndGlobalSection
EndGlobal
